
Microsoft Visual Studio Solution File, Format Version 12.00
# Visual Studio Version 17
VisualStudioVersion = 17.4.33205.214
MinimumVisualStudioVersion = 10.0.40219.1
Project("{FAE04EC0-301F-11D3-BF4B-00C04F79EFBC}") = "THA_Week 12_TAKEMASA_S", "THA_Week 12_TAKEMASA_S\THA_Week 12_TAKEMASA_S.csproj", "{F7E93735-F00E-4CF2-B997-40614ECA959E}"
EndProject
Global
	GlobalSection(SolutionConfigurationPlatforms) = preSolution
		Debug|Any CPU = Debug|Any CPU
		Release|Any CPU = Release|Any CPU
	EndGlobalSection
	GlobalSection(ProjectConfigurationPlatforms) = postSolution
		{F7E93735-F00E-4CF2-B997-40614ECA959E}.Debug|Any CPU.ActiveCfg = Debug|Any CPU
		{F7E93735-F00E-4CF2-B997-40614ECA959E}.Debug|Any CPU.Build.0 = Debug|Any CPU
		{F7E93735-F00E-4CF2-B997-40614ECA959E}.Release|Any CPU.ActiveCfg = Release|Any CPU
		{F7E93735-F00E-4CF2-B997-40614ECA959E}.Release|Any CPU.Build.0 = Release|Any CPU
	EndGlobalSection
	GlobalSection(SolutionProperties) = preSolution
		HideSolutionNode = FALSE
	EndGlobalSection
	GlobalSection(ExtensibilityGlobals) = postSolution
		SolutionGuid = {778A225F-6690-4758-9A29-21D6B3E3FF6F}
	EndGlobalSection
EndGlobal
